
Microsoft Visual Studio Solution File, Format Version 12.00
# Visual Studio Version 17
VisualStudioVersion = 17.7.34018.315
MinimumVisualStudioVersion = 10.0.40219.1
Project("{9A19103F-16F7-4668-BE54-9A1E7A4F7556}") = "ProjectLibrary", "ProjectLibrary\ProjectLibrary.csproj", "{81C07FC5-6BC0-408B-B17C-B6EF9A77ACA8}"
EndProject
Project("{9A19103F-16F7-4668-BE54-9A1E7A4F7556}") = "ProjectWebAPI", "ProjectWebAPI\ProjectWebAPI.csproj", "{9B61C583-2779-424B-A20F-81C908D0CEA7}"
EndProject
Project("{9A19103F-16F7-4668-BE54-9A1E7A4F7556}") = "ProjectWebMVC", "ProjectWebMVC\ProjectWebMVC.csproj", "{CBCDCA23-DDE6-48B0-AF87-47C516198AE9}"
EndProject
Global
	GlobalSection(SolutionConfigurationPlatforms) = preSolution
		Debug|Any CPU = Debug|Any CPU
		Release|Any CPU = Release|Any CPU
	EndGlobalSection
	GlobalSection(ProjectConfigurationPlatforms) = postSolution
		{81C07FC5-6BC0-408B-B17C-B6EF9A77ACA8}.Debug|Any CPU.ActiveCfg = Debug|Any CPU
		{81C07FC5-6BC0-408B-B17C-B6EF9A77ACA8}.Debug|Any CPU.Build.0 = Debug|Any CPU
		{81C07FC5-6BC0-408B-B17C-B6EF9A77ACA8}.Release|Any CPU.ActiveCfg = Release|Any CPU
		{81C07FC5-6BC0-408B-B17C-B6EF9A77ACA8}.Release|Any CPU.Build.0 = Release|Any CPU
		{9B61C583-2779-424B-A20F-81C908D0CEA7}.Debug|Any CPU.ActiveCfg = Debug|Any CPU
		{9B61C583-2779-424B-A20F-81C908D0CEA7}.Debug|Any CPU.Build.0 = Debug|Any CPU
		{9B61C583-2779-424B-A20F-81C908D0CEA7}.Release|Any CPU.ActiveCfg = Release|Any CPU
		{9B61C583-2779-424B-A20F-81C908D0CEA7}.Release|Any CPU.Build.0 = Release|Any CPU
		{CBCDCA23-DDE6-48B0-AF87-47C516198AE9}.Debug|Any CPU.ActiveCfg = Debug|Any CPU
		{CBCDCA23-DDE6-48B0-AF87-47C516198AE9}.Debug|Any CPU.Build.0 = Debug|Any CPU
		{CBCDCA23-DDE6-48B0-AF87-47C516198AE9}.Release|Any CPU.ActiveCfg = Release|Any CPU
		{CBCDCA23-DDE6-48B0-AF87-47C516198AE9}.Release|Any CPU.Build.0 = Release|Any CPU
	EndGlobalSection
	GlobalSection(SolutionProperties) = preSolution
		HideSolutionNode = FALSE
	EndGlobalSection
	GlobalSection(ExtensibilityGlobals) = postSolution
		SolutionGuid = {34919A20-A323-43FA-9103-C5BFE142B564}
	EndGlobalSection
EndGlobal
